
Microsoft Visual Studio Solution File, Format Version 12.00
# Visual Studio Version 16
VisualStudioVersion = 16.0.30621.155
MinimumVisualStudioVersion = 10.0.40219.1
Project("{FAE04EC0-301F-11D3-BF4B-00C04F79EFBC}") = "CrudBlazor", "CrudBlazor\CrudBlazor.csproj", "{57803040-14FA-4BF2-830C-A929E1866913}"
EndProject
Project("{FAE04EC0-301F-11D3-BF4B-00C04F79EFBC}") = "DataLibrary", "DataLibrary\DataLibrary.csproj", "{A2FF2EE2-54EA-4DFB-AAD6-28A87EABC66A}"
EndProject
Global
	GlobalSection(SolutionConfigurationPlatforms) = preSolution
		Debug|Any CPU = Debug|Any CPU
		Release|Any CPU = Release|Any CPU
	EndGlobalSection
	GlobalSection(ProjectConfigurationPlatforms) = postSolution
		{57803040-14FA-4BF2-830C-A929E1866913}.Debug|Any CPU.ActiveCfg = Debug|Any CPU
		{57803040-14FA-4BF2-830C-A929E1866913}.Debug|Any CPU.Build.0 = Debug|Any CPU
		{57803040-14FA-4BF2-830C-A929E1866913}.Release|Any CPU.ActiveCfg = Release|Any CPU
		{57803040-14FA-4BF2-830C-A929E1866913}.Release|Any CPU.Build.0 = Release|Any CPU
		{A2FF2EE2-54EA-4DFB-AAD6-28A87EABC66A}.Debug|Any CPU.ActiveCfg = Debug|Any CPU
		{A2FF2EE2-54EA-4DFB-AAD6-28A87EABC66A}.Debug|Any CPU.Build.0 = Debug|Any CPU
		{A2FF2EE2-54EA-4DFB-AAD6-28A87EABC66A}.Release|Any CPU.ActiveCfg = Release|Any CPU
		{A2FF2EE2-54EA-4DFB-AAD6-28A87EABC66A}.Release|Any CPU.Build.0 = Release|Any CPU
	EndGlobalSection
	GlobalSection(SolutionProperties) = preSolution
		HideSolutionNode = FALSE
	EndGlobalSection
	GlobalSection(ExtensibilityGlobals) = postSolution
		SolutionGuid = {198797C2-B094-49DA-91A5-ED674ED20C5B}
	EndGlobalSection
EndGlobal
